
Microsoft Visual Studio Solution File, Format Version 12.00
# Visual Studio Version 17
VisualStudioVersion = 17.10.35201.131
MinimumVisualStudioVersion = 10.0.40219.1
Project("{FAE04EC0-301F-11D3-BF4B-00C04F79EFBC}") = "TravelaProject.EntityLayer", "TravelaProject.EntityLayer\TravelaProject.EntityLayer.csproj", "{86D4823D-5E3E-4BF9-A57F-D212EC8D9F5F}"
EndProject
Project("{FAE04EC0-301F-11D3-BF4B-00C04F79EFBC}") = "TravelaProject.DataAccessLayer", "TravelaProject.DataAccessLayer\TravelaProject.DataAccessLayer.csproj", "{321F0B46-C074-419D-A099-7EAA239F22C5}"
EndProject
Project("{FAE04EC0-301F-11D3-BF4B-00C04F79EFBC}") = "TravelaProject.BusinessLayer", "TravelaProject.BusinessLayer\TravelaProject.BusinessLayer.csproj", "{4E63208F-1BF0-4769-BE3F-A6EB51EE91F1}"
EndProject
Project("{FAE04EC0-301F-11D3-BF4B-00C04F79EFBC}") = "TravelaProject.WebApi", "TravelaProject.WebApi\TravelaProject.WebApi.csproj", "{CD64D614-09E9-4FBD-B1AA-BB3BD7942669}"
EndProject
Project("{FAE04EC0-301F-11D3-BF4B-00C04F79EFBC}") = "TravelaProject.WebUI", "TravelaProject.WebUI\TravelaProject.WebUI.csproj", "{35124889-E362-4636-A793-9F6FD120E475}"
EndProject
Global
	GlobalSection(SolutionConfigurationPlatforms) = preSolution
		Debug|Any CPU = Debug|Any CPU
		Release|Any CPU = Release|Any CPU
	EndGlobalSection
	GlobalSection(ProjectConfigurationPlatforms) = postSolution
		{86D4823D-5E3E-4BF9-A57F-D212EC8D9F5F}.Debug|Any CPU.ActiveCfg = Debug|Any CPU
		{86D4823D-5E3E-4BF9-A57F-D212EC8D9F5F}.Debug|Any CPU.Build.0 = Debug|Any CPU
		{86D4823D-5E3E-4BF9-A57F-D212EC8D9F5F}.Release|Any CPU.ActiveCfg = Release|Any CPU
		{86D4823D-5E3E-4BF9-A57F-D212EC8D9F5F}.Release|Any CPU.Build.0 = Release|Any CPU
		{321F0B46-C074-419D-A099-7EAA239F22C5}.Debug|Any CPU.ActiveCfg = Debug|Any CPU
		{321F0B46-C074-419D-A099-7EAA239F22C5}.Debug|Any CPU.Build.0 = Debug|Any CPU
		{321F0B46-C074-419D-A099-7EAA239F22C5}.Release|Any CPU.ActiveCfg = Release|Any CPU
		{321F0B46-C074-419D-A099-7EAA239F22C5}.Release|Any CPU.Build.0 = Release|Any CPU
		{4E63208F-1BF0-4769-BE3F-A6EB51EE91F1}.Debug|Any CPU.ActiveCfg = Debug|Any CPU
		{4E63208F-1BF0-4769-BE3F-A6EB51EE91F1}.Debug|Any CPU.Build.0 = Debug|Any CPU
		{4E63208F-1BF0-4769-BE3F-A6EB51EE91F1}.Release|Any CPU.ActiveCfg = Release|Any CPU
		{4E63208F-1BF0-4769-BE3F-A6EB51EE91F1}.Release|Any CPU.Build.0 = Release|Any CPU
		{CD64D614-09E9-4FBD-B1AA-BB3BD7942669}.Debug|Any CPU.ActiveCfg = Debug|Any CPU
		{CD64D614-09E9-4FBD-B1AA-BB3BD7942669}.Debug|Any CPU.Build.0 = Debug|Any CPU
		{CD64D614-09E9-4FBD-B1AA-BB3BD7942669}.Release|Any CPU.ActiveCfg = Release|Any CPU
		{CD64D614-09E9-4FBD-B1AA-BB3BD7942669}.Release|Any CPU.Build.0 = Release|Any CPU
		{35124889-E362-4636-A793-9F6FD120E475}.Debug|Any CPU.ActiveCfg = Debug|Any CPU
		{35124889-E362-4636-A793-9F6FD120E475}.Debug|Any CPU.Build.0 = Debug|Any CPU
		{35124889-E362-4636-A793-9F6FD120E475}.Release|Any CPU.ActiveCfg = Release|Any CPU
		{35124889-E362-4636-A793-9F6FD120E475}.Release|Any CPU.Build.0 = Release|Any CPU
	EndGlobalSection
	GlobalSection(SolutionProperties) = preSolution
		HideSolutionNode = FALSE
	EndGlobalSection
	GlobalSection(ExtensibilityGlobals) = postSolution
		SolutionGuid = {81AA6778-0AC3-41B3-81F8-3D7A57CC402E}
	EndGlobalSection
EndGlobal
